// !$*UTF8*$!
{
	archiveVersion = 1;
	classes = {
	};
	objectVersion = 55;
	objects = {

/* Begin PBXBuildFile section */
		2621FB152747BC9800674AA2 /* TriviaView.swift in Sources */ = {isa = PBXBuildFile; fileRef = 2621FB142747BC9800674AA2 /* TriviaView.swift */; };
		2621FB172747BE7C00674AA2 /* TriviaCard.swift in Sources */ = {isa = PBXBuildFile; fileRef = 2621FB162747BE7C00674AA2 /* TriviaCard.swift */; };
		2621FB192747C09300674AA2 /* EyesAnimation.swift in Sources */ = {isa = PBXBuildFile; fileRef = 2621FB182747C09300674AA2 /* EyesAnimation.swift */; };
		2621FB1B274B963100674AA2 /* EyesPlaylist.swift in Sources */ = {isa = PBXBuildFile; fileRef = 2621FB1A274B963100674AA2 /* EyesPlaylist.swift */; };
		486B93F92746522F00D5D535 /* PlayerView.swift in Sources */ = {isa = PBXBuildFile; fileRef = 486B93F82746522F00D5D535 /* PlayerView.swift */; };
		486B93FC2746558E00D5D535 /* Sound.mp3 in Resources */ = {isa = PBXBuildFile; fileRef = 486B93FB2746558E00D5D535 /* Sound.mp3 */; };
		486B93FE2746559500D5D535 /* Sound1.mp3 in Resources */ = {isa = PBXBuildFile; fileRef = 486B93FD2746559500D5D535 /* Sound1.mp3 */; };
		486B94002746578600D5D535 /* AVdelegate.swift in Sources */ = {isa = PBXBuildFile; fileRef = 486B93FF2746578600D5D535 /* AVdelegate.swift */; };
		486B9402274657B600D5D535 /* AppDelegate.swift in Sources */ = {isa = PBXBuildFile; fileRef = 486B9401274657B600D5D535 /* AppDelegate.swift */; };
		486B94042746AF8E00D5D535 /* PlaylistView.swift in Sources */ = {isa = PBXBuildFile; fileRef = 486B94032746AF8E00D5D535 /* PlaylistView.swift */; };
		48D37F1D274D0CC900900851 /* CreditsView.swift in Sources */ = {isa = PBXBuildFile; fileRef = 48D37F1C274D0CC900900851 /* CreditsView.swift */; };
		69D3062E2747A04C00287342 /* SplashScreen.swift in Sources */ = {isa = PBXBuildFile; fileRef = 69D3062D2747A04C00287342 /* SplashScreen.swift */; };
		69FCF2CF2743BF7C003234A9 /* BeatNoiseApp.swift in Sources */ = {isa = PBXBuildFile; fileRef = 69FCF2CE2743BF7C003234A9 /* BeatNoiseApp.swift */; };
		69FCF2D12743BF7C003234A9 /* ContentView.swift in Sources */ = {isa = PBXBuildFile; fileRef = 69FCF2D02743BF7C003234A9 /* ContentView.swift */; };
		69FCF2D32743BF7F003234A9 /* Assets.xcassets in Resources */ = {isa = PBXBuildFile; fileRef = 69FCF2D22743BF7F003234A9 /* Assets.xcassets */; };
		69FCF2D62743BF7F003234A9 /* Preview Assets.xcassets in Resources */ = {isa = PBXBuildFile; fileRef = 69FCF2D52743BF7F003234A9 /* Preview Assets.xcassets */; };
		69FCF2DD2743BFAD003234A9 /* MicrophoneModifier.swift in Sources */ = {isa = PBXBuildFile; fileRef = 69FCF2DC2743BFAD003234A9 /* MicrophoneModifier.swift */; };
		69FCF2DF2743BFCA003234A9 /* HomeView.swift in Sources */ = {isa = PBXBuildFile; fileRef = 69FCF2DE2743BFCA003234A9 /* HomeView.swift */; };
		69FCF2E12743BFEB003234A9 /* ScanningView.swift in Sources */ = {isa = PBXBuildFile; fileRef = 69FCF2E02743BFEB003234A9 /* ScanningView.swift */; };
/* End PBXBuildFile section */

/* Begin PBXFileReference section */
		2621FB142747BC9800674AA2 /* TriviaView.swift */ = {isa = PBXFileReference; lastKnownFileType = sourcecode.swift; path = TriviaView.swift; sourceTree = "<group>"; };
		2621FB162747BE7C00674AA2 /* TriviaCard.swift */ = {isa = PBXFileReference; lastKnownFileType = sourcecode.swift; path = TriviaCard.swift; sourceTree = "<group>"; };
		2621FB182747C09300674AA2 /* EyesAnimation.swift */ = {isa = PBXFileReference; lastKnownFileType = sourcecode.swift; path = EyesAnimation.swift; sourceTree = "<group>"; };
		2621FB1A274B963100674AA2 /* EyesPlaylist.swift */ = {isa = PBXFileReference; lastKnownFileType = sourcecode.swift; path = EyesPlaylist.swift; sourceTree = "<group>"; };
		486B93F82746522F00D5D535 /* PlayerView.swift */ = {isa = PBXFileReference; lastKnownFileType = sourcecode.swift; path = PlayerView.swift; sourceTree = "<group>"; };
		486B93FB2746558E00D5D535 /* Sound.mp3 */ = {isa = PBXFileReference; lastKnownFileType = audio.mp3; path = Sound.mp3; sourceTree = "<group>"; };
		486B93FD2746559500D5D535 /* Sound1.mp3 */ = {isa = PBXFileReference; lastKnownFileType = audio.mp3; path = Sound1.mp3; sourceTree = "<group>"; };
		486B93FF2746578600D5D535 /* AVdelegate.swift */ = {isa = PBXFileReference; lastKnownFileType = sourcecode.swift; path = AVdelegate.swift; sourceTree = "<group>"; };
		486B9401274657B600D5D535 /* AppDelegate.swift */ = {isa = PBXFileReference; lastKnownFileType = sourcecode.swift; path = AppDelegate.swift; sourceTree = "<group>"; };
		486B94032746AF8E00D5D535 /* PlaylistView.swift */ = {isa = PBXFileReference; lastKnownFileType = sourcecode.swift; path = PlaylistView.swift; sourceTree = "<group>"; };
		48D37F1C274D0CC900900851 /* CreditsView.swift */ = {isa = PBXFileReference; lastKnownFileType = sourcecode.swift; path = CreditsView.swift; sourceTree = "<group>"; };
		69D3062D2747A04C00287342 /* SplashScreen.swift */ = {isa = PBXFileReference; lastKnownFileType = sourcecode.swift; path = SplashScreen.swift; sourceTree = "<group>"; };
		69D30635274B8A9600287342 /* Info.plist */ = {isa = PBXFileReference; lastKnownFileType = text.plist; path = Info.plist; sourceTree = "<group>"; };
		69FCF2CB2743BF7C003234A9 /* BeatNoise.app */ = {isa = PBXFileReference; explicitFileType = wrapper.application; includeInIndex = 0; path = BeatNoise.app; sourceTree = BUILT_PRODUCTS_DIR; };
		69FCF2CE2743BF7C003234A9 /* BeatNoiseApp.swift */ = {isa = PBXFileReference; lastKnownFileType = sourcecode.swift; path = BeatNoiseApp.swift; sourceTree = "<group>"; };
		69FCF2D02743BF7C003234A9 /* ContentView.swift */ = {isa = PBXFileReference; lastKnownFileType = sourcecode.swift; path = ContentView.swift; sourceTree = "<group>"; };
		69FCF2D22743BF7F003234A9 /* Assets.xcassets */ = {isa = PBXFileReference; lastKnownFileType = folder.assetcatalog; name = Assets.xcassets; path = BeatNoise/Assets.xcassets; sourceTree = SOURCE_ROOT; };
		69FCF2D52743BF7F003234A9 /* Preview Assets.xcassets */ = {isa = PBXFileReference; lastKnownFileType = folder.assetcatalog; path = "Preview Assets.xcassets"; sourceTree = "<group>"; };
		69FCF2DC2743BFAD003234A9 /* MicrophoneModifier.swift */ = {isa = PBXFileReference; lastKnownFileType = sourcecode.swift; path = MicrophoneModifier.swift; sourceTree = "<group>"; };
		69FCF2DE2743BFCA003234A9 /* HomeView.swift */ = {isa = PBXFileReference; lastKnownFileType = sourcecode.swift; path = HomeView.swift; sourceTree = "<group>"; };
		69FCF2E02743BFEB003234A9 /* ScanningView.swift */ = {isa = PBXFileReference; lastKnownFileType = sourcecode.swift; path = ScanningView.swift; sourceTree = "<group>"; };
/* End PBXFileReference section */

/* Begin PBXFrameworksBuildPhase section */
		69FCF2C82743BF7C003234A9 /* Frameworks */ = {
			isa = PBXFrameworksBuildPhase;
			buildActionMask = 2147483647;
			files = (
			);
			runOnlyForDeploymentPostprocessing = 0;
		};
/* End PBXFrameworksBuildPhase section */

/* Begin PBXGroup section */
		486B93FA2746557300D5D535 /* Resources */ = {
			isa = PBXGroup;
			children = (
				486B93FB2746558E00D5D535 /* Sound.mp3 */,
				486B93FD2746559500D5D535 /* Sound1.mp3 */,
			);
			path = Resources;
			sourceTree = "<group>";
		};
		69FCF2C22743BF7C003234A9 = {
			isa = PBXGroup;
			children = (
				69FCF2CD2743BF7C003234A9 /* BeatNoise */,
				69FCF2CC2743BF7C003234A9 /* Products */,
			);
			sourceTree = "<group>";
		};
		69FCF2CC2743BF7C003234A9 /* Products */ = {
			isa = PBXGroup;
			children = (
				69FCF2CB2743BF7C003234A9 /* BeatNoise.app */,
			);
			name = Products;
			sourceTree = "<group>";
		};
		69FCF2CD2743BF7C003234A9 /* BeatNoise */ = {
			isa = PBXGroup;
			children = (
				69D30635274B8A9600287342 /* Info.plist */,
				69FCF2DC2743BFAD003234A9 /* MicrophoneModifier.swift */,
				69FCF2DE2743BFCA003234A9 /* HomeView.swift */,
				69FCF2D02743BF7C003234A9 /* ContentView.swift */,
				69FCF2E02743BFEB003234A9 /* ScanningView.swift */,
				69FCF2CE2743BF7C003234A9 /* BeatNoiseApp.swift */,
				486B9401274657B600D5D535 /* AppDelegate.swift */,
				2621FB142747BC9800674AA2 /* TriviaView.swift */,
				2621FB162747BE7C00674AA2 /* TriviaCard.swift */,
				486B94032746AF8E00D5D535 /* PlaylistView.swift */,
				486B93F82746522F00D5D535 /* PlayerView.swift */,
				486B93FF2746578600D5D535 /* AVdelegate.swift */,
				48D37F1C274D0CC900900851 /* CreditsView.swift */,
				69FCF2D22743BF7F003234A9 /* Assets.xcassets */,
				486B93FA2746557300D5D535 /* Resources */,
				69FCF2D42743BF7F003234A9 /* Preview Content */,
				69D3062D2747A04C00287342 /* SplashScreen.swift */,
				2621FB182747C09300674AA2 /* EyesAnimation.swift */,
				2621FB1A274B963100674AA2 /* EyesPlaylist.swift */,
			);
			path = BeatNoise;
			sourceTree = "<group>";
		};
		69FCF2D42743BF7F003234A9 /* Preview Content */ = {
			isa = PBXGroup;
			children = (
				69FCF2D52743BF7F003234A9 /* Preview Assets.xcassets */,
			);
			path = "Preview Content";
			sourceTree = "<group>";
		};
/* End PBXGroup section */

/* Begin PBXNativeTarget section */
		69FCF2CA2743BF7C003234A9 /* BeatNoise */ = {
			isa = PBXNativeTarget;
			buildConfigurationList = 69FCF2D92743BF7F003234A9 /* Build configuration list for PBXNativeTarget "BeatNoise" */;
			buildPhases = (
				69FCF2C72743BF7C003234A9 /* Sources */,
				69FCF2C82743BF7C003234A9 /* Frameworks */,
				69FCF2C92743BF7C003234A9 /* Resources */,
			);
			buildRules = (
			);
			dependencies = (
			);
			name = BeatNoise;
			productName = BeatNoise;
			productReference = 69FCF2CB2743BF7C003234A9 /* BeatNoise.app */;
			productType = "com.apple.product-type.application";
		};
/* End PBXNativeTarget section */

/* Begin PBXProject section */
		69FCF2C32743BF7C003234A9 /* Project object */ = {
			isa = PBXProject;
			attributes = {
				BuildIndependentTargetsInParallel = 1;
				LastSwiftUpdateCheck = 1310;
				LastUpgradeCheck = 1310;
				TargetAttributes = {
					69FCF2CA2743BF7C003234A9 = {
						CreatedOnToolsVersion = 13.1;
					};
				};
			};
			buildConfigurationList = 69FCF2C62743BF7C003234A9 /* Build configuration list for PBXProject "BeatNoise" */;
			compatibilityVersion = "Xcode 13.0";
			developmentRegion = en;
			hasScannedForEncodings = 0;
			knownRegions = (
				en,
				Base,
			);
			mainGroup = 69FCF2C22743BF7C003234A9;
			productRefGroup = 69FCF2CC2743BF7C003234A9 /* Products */;
			projectDirPath = "";
			projectRoot = "";
			targets = (
				69FCF2CA2743BF7C003234A9 /* BeatNoise */,
			);
		};
/* End PBXProject section */

/* Begin PBXResourcesBuildPhase section */
		69FCF2C92743BF7C003234A9 /* Resources */ = {
			isa = PBXResourcesBuildPhase;
			buildActionMask = 2147483647;
			files = (
				69FCF2D62743BF7F003234A9 /* Preview Assets.xcassets in Resources */,
				69FCF2D32743BF7F003234A9 /* Assets.xcassets in Resources */,
				486B93FE2746559500D5D535 /* Sound1.mp3 in Resources */,
				486B93FC2746558E00D5D535 /* Sound.mp3 in Resources */,
			);
			runOnlyForDeploymentPostprocessing = 0;
		};
/* End PBXResourcesBuildPhase section */

/* Begin PBXSourcesBuildPhase section */
		69FCF2C72743BF7C003234A9 /* Sources */ = {
			isa = PBXSourcesBuildPhase;
			buildActionMask = 2147483647;
			files = (
				2621FB172747BE7C00674AA2 /* TriviaCard.swift in Sources */,
				69D3062E2747A04C00287342 /* SplashScreen.swift in Sources */,
				2621FB192747C09300674AA2 /* EyesAnimation.swift in Sources */,
				48D37F1D274D0CC900900851 /* CreditsView.swift in Sources */,
				486B9402274657B600D5D535 /* AppDelegate.swift in Sources */,
				69FCF2E12743BFEB003234A9 /* ScanningView.swift in Sources */,
				69FCF2DD2743BFAD003234A9 /* MicrophoneModifier.swift in Sources */,
				486B94042746AF8E00D5D535 /* PlaylistView.swift in Sources */,
				2621FB1B274B963100674AA2 /* EyesPlaylist.swift in Sources */,
				69FCF2DF2743BFCA003234A9 /* HomeView.swift in Sources */,
				2621FB152747BC9800674AA2 /* TriviaView.swift in Sources */,
				486B94002746578600D5D535 /* AVdelegate.swift in Sources */,
				486B93F92746522F00D5D535 /* PlayerView.swift in Sources */,
				69FCF2D12743BF7C003234A9 /* ContentView.swift in Sources */,
				69FCF2CF2743BF7C003234A9 /* BeatNoiseApp.swift in Sources */,
			);
			runOnlyForDeploymentPostprocessing = 0;
		};
/* End PBXSourcesBuildPhase section */

/* Begin XCBuildConfiguration section */
		69FCF2D72743BF7F003234A9 /* Debug */ = {
			isa = XCBuildConfiguration;
			buildSettings = {
				ALWAYS_SEARCH_USER_PATHS = NO;
				CLANG_ANALYZER_NONNULL = YES;
				CLANG_ANALYZER_NUMBER_OBJECT_CONVERSION = YES_AGGRESSIVE;
				CLANG_CXX_LANGUAGE_STANDARD = "gnu++17";
				CLANG_CXX_LIBRARY = "libc++";
				CLANG_ENABLE_MODULES = YES;
				CLANG_ENABLE_OBJC_ARC = YES;
				CLANG_ENABLE_OBJC_WEAK = YES;
				CLANG_WARN_BLOCK_CAPTURE_AUTORELEASING = YES;
				CLANG_WARN_BOOL_CONVERSION = YES;
				CLANG_WARN_COMMA = YES;
				CLANG_WARN_CONSTANT_CONVERSION = YES;
				CLANG_WARN_DEPRECATED_OBJC_IMPLEMENTATIONS = YES;
				CLANG_WARN_DIRECT_OBJC_ISA_USAGE = YES_ERROR;
				CLANG_WARN_DOCUMENTATION_COMMENTS = YES;
				CLANG_WARN_EMPTY_BODY = YES;
				CLANG_WARN_ENUM_CONVERSION = YES;
				CLANG_WARN_INFINITE_RECURSION = YES;
				CLANG_WARN_INT_CONVERSION = YES;
				CLANG_WARN_NON_LITERAL_NULL_CONVERSION = YES;
				CLANG_WARN_OBJC_IMPLICIT_RETAIN_SELF = YES;
				CLANG_WARN_OBJC_LITERAL_CONVERSION = YES;
				CLANG_WARN_OBJC_ROOT_CLASS = YES_ERROR;
				CLANG_WARN_QUOTED_INCLUDE_IN_FRAMEWORK_HEADER = YES;
				CLANG_WARN_RANGE_LOOP_ANALYSIS = YES;
				CLANG_WARN_STRICT_PROTOTYPES = YES;
				CLANG_WARN_SUSPICIOUS_MOVE = YES;
				CLANG_WARN_UNGUARDED_AVAILABILITY = YES_AGGRESSIVE;
				CLANG_WARN_UNREACHABLE_CODE = YES;
				CLANG_WARN__DUPLICATE_METHOD_MATCH = YES;
				COPY_PHASE_STRIP = NO;
				DEBUG_INFORMATION_FORMAT = dwarf;
				ENABLE_STRICT_OBJC_MSGSEND = YES;
				ENABLE_TESTABILITY = YES;
				GCC_C_LANGUAGE_STANDARD = gnu11;
				GCC_DYNAMIC_NO_PIC = NO;
				GCC_NO_COMMON_BLOCKS = YES;
				GCC_OPTIMIZATION_LEVEL = 0;
				GCC_PREPROCESSOR_DEFINITIONS = (
					"DEBUG=1",
					"$(inherited)",
				);
				GCC_WARN_64_TO_32_BIT_CONVERSION = YES;
				GCC_WARN_ABOUT_RETURN_TYPE = YES_ERROR;
				GCC_WARN_UNDECLARED_SELECTOR = YES;
				GCC_WARN_UNINITIALIZED_AUTOS = YES_AGGRESSIVE;
				GCC_WARN_UNUSED_FUNCTION = YES;
				GCC_WARN_UNUSED_VARIABLE = YES;
				IPHONEOS_DEPLOYMENT_TARGET = 15.0;
				MTL_ENABLE_DEBUG_INFO = INCLUDE_SOURCE;
				MTL_FAST_MATH = YES;
				ONLY_ACTIVE_ARCH = YES;
				SDKROOT = iphoneos;
				SWIFT_ACTIVE_COMPILATION_CONDITIONS = DEBUG;
				SWIFT_OPTIMIZATION_LEVEL = "-Onone";
			};
			name = Debug;
		};
		69FCF2D82743BF7F003234A9 /* Release */ = {
			isa = XCBuildConfiguration;
			buildSettings = {
				ALWAYS_SEARCH_USER_PATHS = NO;
				CLANG_ANALYZER_NONNULL = YES;
				CLANG_ANALYZER_NUMBER_OBJECT_CONVERSION = YES_AGGRESSIVE;
				CLANG_CXX_LANGUAGE_STANDARD = "gnu++17";
				CLANG_CXX_LIBRARY = "libc++";
				CLANG_ENABLE_MODULES = YES;
				CLANG_ENABLE_OBJC_ARC = YES;
				CLANG_ENABLE_OBJC_WEAK = YES;
				CLANG_WARN_BLOCK_CAPTURE_AUTORELEASING = YES;
				CLANG_WARN_BOOL_CONVERSION = YES;
				CLANG_WARN_COMMA = YES;
				CLANG_WARN_CONSTANT_CONVERSION = YES;
				CLANG_WARN_DEPRECATED_OBJC_IMPLEMENTATIONS = YES;
				CLANG_WARN_DIRECT_OBJC_ISA_USAGE = YES_ERROR;
				CLANG_WARN_DOCUMENTATION_COMMENTS = YES;
				CLANG_WARN_EMPTY_BODY = YES;
				CLANG_WARN_ENUM_CONVERSION = YES;
				CLANG_WARN_INFINITE_RECURSION = YES;
				CLANG_WARN_INT_CONVERSION = YES;
				CLANG_WARN_NON_LITERAL_NULL_CONVERSION = YES;
				CLANG_WARN_OBJC_IMPLICIT_RETAIN_SELF = YES;
				CLANG_WARN_OBJC_LITERAL_CONVERSION = YES;
				CLANG_WARN_OBJC_ROOT_CLASS = YES_ERROR;
				CLANG_WARN_QUOTED_INCLUDE_IN_FRAMEWORK_HEADER = YES;
				CLANG_WARN_RANGE_LOOP_ANALYSIS = YES;
				CLANG_WARN_STRICT_PROTOTYPES = YES;
				CLANG_WARN_SUSPICIOUS_MOVE = YES;
				CLANG_WARN_UNGUARDED_AVAILABILITY = YES_AGGRESSIVE;
				CLANG_WARN_UNREACHABLE_CODE = YES;
				CLANG_WARN__DUPLICATE_METHOD_MATCH = YES;
				COPY_PHASE_STRIP = NO;
				DEBUG_INFORMATION_FORMAT = "dwarf-with-dsym";
				ENABLE_NS_ASSERTIONS = NO;
				ENABLE_STRICT_OBJC_MSGSEND = YES;
				GCC_C_LANGUAGE_STANDARD = gnu11;
				GCC_NO_COMMON_BLOCKS = YES;
				GCC_WARN_64_TO_32_BIT_CONVERSION = YES;
				GCC_WARN_ABOUT_RETURN_TYPE = YES_ERROR;
				GCC_WARN_UNDECLARED_SELECTOR = YES;
				GCC_WARN_UNINITIALIZED_AUTOS = YES_AGGRESSIVE;
				GCC_WARN_UNUSED_FUNCTION = YES;
				GCC_WARN_UNUSED_VARIABLE = YES;
				IPHONEOS_DEPLOYMENT_TARGET = 15.0;
				MTL_ENABLE_DEBUG_INFO = NO;
				MTL_FAST_MATH = YES;
				SDKROOT = iphoneos;
				SWIFT_COMPILATION_MODE = wholemodule;
				SWIFT_OPTIMIZATION_LEVEL = "-O";
				VALIDATE_PRODUCT = YES;
			};
			name = Release;
		};
		69FCF2DA2743BF7F003234A9 /* Debug */ = {
			isa = XCBuildConfiguration;
			buildSettings = {
				ASSETCATALOG_COMPILER_APPICON_NAME = AppIcon;
				ASSETCATALOG_COMPILER_GLOBAL_ACCENT_COLOR_NAME = AccentColor;
				ASSETCATALOG_COMPILER_INCLUDE_ALL_APPICON_ASSETS = YES;
				CODE_SIGN_STYLE = Automatic;
				CURRENT_PROJECT_VERSION = 1;
				DEVELOPMENT_ASSET_PATHS = "\"BeatNoise/Preview Content\"";
				DEVELOPMENT_TEAM = 4V7K684LPH;
				ENABLE_PREVIEWS = YES;
				GENERATE_INFOPLIST_FILE = YES;
				INFOPLIST_FILE = BeatNoise/Info.plist;
				INFOPLIST_KEY_NSMicrophoneUsageDescription = "Please allow microphone";
				INFOPLIST_KEY_UIApplicationSceneManifest_Generation = YES;
				INFOPLIST_KEY_UIApplicationSupportsIndirectInputEvents = YES;
				INFOPLIST_KEY_UILaunchScreen_Generation = YES;
				INFOPLIST_KEY_UISupportedInterfaceOrientations_iPad = "UIInterfaceOrientationPortrait UIInterfaceOrientationPortraitUpsideDown UIInterfaceOrientationLandscapeLeft UIInterfaceOrientationLandscapeRight";
				INFOPLIST_KEY_UISupportedInterfaceOrientations_iPhone = "UIInterfaceOrientationPortrait UIInterfaceOrientationLandscapeLeft UIInterfaceOrientationLandscapeRight";
				LD_RUNPATH_SEARCH_PATHS = (
					"$(inherited)",
					"@executable_path/Frameworks",
				);
				MARKETING_VERSION = 1.0;
				PRODUCT_BUNDLE_IDENTIFIER = com.willMerlet.BeatNoise;
				PRODUCT_NAME = "$(TARGET_NAME)";
				SWIFT_EMIT_LOC_STRINGS = YES;
				SWIFT_VERSION = 5.0;
				TARGETED_DEVICE_FAMILY = 1;
			};
			name = Debug;
		};
		69FCF2DB2743BF7F003234A9 /* Release */ = {
			isa = XCBuildConfiguration;
			buildSettings = {
				ASSETCATALOG_COMPILER_APPICON_NAME = AppIcon;
				ASSETCATALOG_COMPILER_GLOBAL_ACCENT_COLOR_NAME = AccentColor;
				ASSETCATALOG_COMPILER_INCLUDE_ALL_APPICON_ASSETS = YES;
				CODE_SIGN_STYLE = Automatic;
				CURRENT_PROJECT_VERSION = 1;
				DEVELOPMENT_ASSET_PATHS = "\"BeatNoise/Preview Content\"";
				DEVELOPMENT_TEAM = 4V7K684LPH;
				ENABLE_PREVIEWS = YES;
				GENERATE_INFOPLIST_FILE = YES;
				INFOPLIST_FILE = BeatNoise/Info.plist;
				INFOPLIST_KEY_NSMicrophoneUsageDescription = "Please allow microphone";
				INFOPLIST_KEY_UIApplicationSceneManifest_Generation = YES;
				INFOPLIST_KEY_UIApplicationSupportsIndirectInputEvents = YES;
				INFOPLIST_KEY_UILaunchScreen_Generation = YES;
				INFOPLIST_KEY_UISupportedInterfaceOrientations_iPad = "UIInterfaceOrientationPortrait UIInterfaceOrientationPortraitUpsideDown UIInterfaceOrientationLandscapeLeft UIInterfaceOrientationLandscapeRight";
				INFOPLIST_KEY_UISupportedInterfaceOrientations_iPhone = "UIInterfaceOrientationPortrait UIInterfaceOrientationLandscapeLeft UIInterfaceOrientationLandscapeRight";
				LD_RUNPATH_SEARCH_PATHS = (
					"$(inherited)",
					"@executable_path/Frameworks",
				);
				MARKETING_VERSION = 1.0;
				PRODUCT_BUNDLE_IDENTIFIER = com.willMerlet.BeatNoise;
				PRODUCT_NAME = "$(TARGET_NAME)";
				SWIFT_EMIT_LOC_STRINGS = YES;
				SWIFT_VERSION = 5.0;
				TARGETED_DEVICE_FAMILY = 1;
			};
			name = Release;
		};
/* End XCBuildConfiguration section */

/* Begin XCConfigurationList section */
		69FCF2C62743BF7C003234A9 /* Build configuration list for PBXProject "BeatNoise" */ = {
			isa = XCConfigurationList;
			buildConfigurations = (
				69FCF2D72743BF7F003234A9 /* Debug */,
				69FCF2D82743BF7F003234A9 /* Release */,
			);
			defaultConfigurationIsVisible = 0;
			defaultConfigurationName = Release;
		};
		69FCF2D92743BF7F003234A9 /* Build configuration list for PBXNativeTarget "BeatNoise" */ = {
			isa = XCConfigurationList;
			buildConfigurations = (
				69FCF2DA2743BF7F003234A9 /* Debug */,
				69FCF2DB2743BF7F003234A9 /* Release */,
			);
			defaultConfigurationIsVisible = 0;
			defaultConfigurationName = Release;
		};
/* End XCConfigurationList section */
	};
	rootObject = 69FCF2C32743BF7C003234A9 /* Project object */;
}
